
Microsoft Visual Studio Solution File, Format Version 12.00
# Visual Studio Version 16
VisualStudioVersion = 16.0.29102.190
MinimumVisualStudioVersion = 10.0.40219.1
Project("{FAE04EC0-301F-11D3-BF4B-00C04F79EFBC}") = "APP_DeskStats", "APP_DeskStats.csproj", "{C256B61C-BF56-4CF1-BB34-75EDBD847426}"
EndProject
Global
	GlobalSection(SolutionConfigurationPlatforms) = preSolution
		Debug|Any CPU = Debug|Any CPU
		Release|Any CPU = Release|Any CPU
	EndGlobalSection
	GlobalSection(ProjectConfigurationPlatforms) = postSolution
		{C256B61C-BF56-4CF1-BB34-75EDBD847426}.Debug|Any CPU.ActiveCfg = Debug|Any CPU
		{C256B61C-BF56-4CF1-BB34-75EDBD847426}.Debug|Any CPU.Build.0 = Debug|Any CPU
		{C256B61C-BF56-4CF1-BB34-75EDBD847426}.Release|Any CPU.ActiveCfg = Release|Any CPU
		{C256B61C-BF56-4CF1-BB34-75EDBD847426}.Release|Any CPU.Build.0 = Release|Any CPU
	EndGlobalSection
	GlobalSection(SolutionProperties) = preSolution
		HideSolutionNode = FALSE
	EndGlobalSection
	GlobalSection(ExtensibilityGlobals) = postSolution
		SolutionGuid = {2D3EAAB5-AC5F-4EAC-B918-A409B95ECC89}
	EndGlobalSection
EndGlobal
